{
  "name": "@node-tello/ensign",
  "version": "0.0.1",
  "lockfileVersion": 1,
  "requires": true,
  "dependencies": {
    "datagram-stream": {
      "version": "1.1.1",
      "resolved": "https://registry.npmjs.org/datagram-stream/-/datagram-stream-1.1.1.tgz",
      "integrity": "sha1-qn2ElZo6GxpeQ9THwDRh9AqP+30="
    },
    "h264decoder": {
      "version": "1.0.0",
      "resolved": "https://registry.npmjs.org/h264decoder/-/h264decoder-1.0.0.tgz",
      "integrity": "sha512-uFoa7RPOjKia91ziteLynrDkoIIx17zfIhJbTy2SXAg/Eu89H8sFVDw9lpWv3i4evIO1QlCdjrub0f4kRIgtcQ=="
    }
  }
}
